
Microsoft Visual Studio Solution File, Format Version 12.00
# Visual Studio Version 17
VisualStudioVersion = 17.0.31903.59
MinimumVisualStudioVersion = 10.0.40219.1
Project("{2150E333-8FDC-42A3-9474-1A3956D46DE8}") = "src", "src", "{827E0CD3-B72D-47B6-A68D-7590B98EB39B}"
EndProject
Project("{FAE04EC0-301F-11D3-BF4B-00C04F79EFBC}") = "Sikkhaloy.Shared", "src\Sikkhaloy.Shared\Sikkhaloy.Shared.csproj", "{017EA023-818D-4383-B245-E5102E1378BB}"
EndProject
Project("{FAE04EC0-301F-11D3-BF4B-00C04F79EFBC}") = "Sikkhaloy.LocalData", "src\Sikkhaloy.LocalData\Sikkhaloy.LocalData.csproj", "{A972023A-E1C8-4DAA-B77E-637EBE4639D0}"
EndProject
Project("{FAE04EC0-301F-11D3-BF4B-00C04F79EFBC}") = "Sikkhaloy.App", "src\Sikkhaloy.App\Sikkhaloy.App.csproj", "{B925DC15-8C0A-447E-BA0C-DB5C2F9F0CC9}"
EndProject
Project("{FAE04EC0-301F-11D3-BF4B-00C04F79EFBC}") = "Sikkhaloy.SyncApi", "src\Sikkhaloy.SyncApi\Sikkhaloy.SyncApi.csproj", "{F52FCCC8-010C-4EC6-8A1E-54B9E1F144BF}"
EndProject
Project("{FAE04EC0-301F-11D3-BF4B-00C04F79EFBC}") = "Sikkhaloy.Web", "src\Sikkhaloy.Web\Sikkhaloy.Web.csproj", "{DF139FAF-53C0-458C-956A-E49354C0303B}"
EndProject
Project("{FAE04EC0-301F-11D3-BF4B-00C04F79EFBC}") = "Sikkhaloy.Client", "src\Sikkhaloy.Client\Sikkhaloy.Client.csproj", "{7B627C3F-C3F2-4BAD-B927-71B1A4BE72A1}"
EndProject
Global
	GlobalSection(SolutionConfigurationPlatforms) = preSolution
		Debug|Any CPU = Debug|Any CPU
		Debug|x64 = Debug|x64
		Debug|x86 = Debug|x86
		Release|Any CPU = Release|Any CPU
		Release|x64 = Release|x64
		Release|x86 = Release|x86
	EndGlobalSection
	GlobalSection(ProjectConfigurationPlatforms) = postSolution
		{017EA023-818D-4383-B245-E5102E1378BB}.Debug|Any CPU.ActiveCfg = Debug|Any CPU
		{017EA023-818D-4383-B245-E5102E1378BB}.Debug|Any CPU.Build.0 = Debug|Any CPU
		{017EA023-818D-4383-B245-E5102E1378BB}.Debug|x64.ActiveCfg = Debug|Any CPU
		{017EA023-818D-4383-B245-E5102E1378BB}.Debug|x64.Build.0 = Debug|Any CPU
		{017EA023-818D-4383-B245-E5102E1378BB}.Debug|x86.ActiveCfg = Debug|Any CPU
		{017EA023-818D-4383-B245-E5102E1378BB}.Debug|x86.Build.0 = Debug|Any CPU
		{017EA023-818D-4383-B245-E5102E1378BB}.Release|Any CPU.ActiveCfg = Release|Any CPU
		{017EA023-818D-4383-B245-E5102E1378BB}.Release|Any CPU.Build.0 = Release|Any CPU
		{017EA023-818D-4383-B245-E5102E1378BB}.Release|x64.ActiveCfg = Release|Any CPU
		{017EA023-818D-4383-B245-E5102E1378BB}.Release|x64.Build.0 = Release|Any CPU
		{017EA023-818D-4383-B245-E5102E1378BB}.Release|x86.ActiveCfg = Release|Any CPU
		{017EA023-818D-4383-B245-E5102E1378BB}.Release|x86.Build.0 = Release|Any CPU
		{A972023A-E1C8-4DAA-B77E-637EBE4639D0}.Debug|Any CPU.ActiveCfg = Debug|Any CPU
		{A972023A-E1C8-4DAA-B77E-637EBE4639D0}.Debug|Any CPU.Build.0 = Debug|Any CPU
		{A972023A-E1C8-4DAA-B77E-637EBE4639D0}.Debug|x64.ActiveCfg = Debug|Any CPU
		{A972023A-E1C8-4DAA-B77E-637EBE4639D0}.Debug|x64.Build.0 = Debug|Any CPU
		{A972023A-E1C8-4DAA-B77E-637EBE4639D0}.Debug|x86.ActiveCfg = Debug|Any CPU
		{A972023A-E1C8-4DAA-B77E-637EBE4639D0}.Debug|x86.Build.0 = Debug|Any CPU
		{A972023A-E1C8-4DAA-B77E-637EBE4639D0}.Release|Any CPU.ActiveCfg = Release|Any CPU
		{A972023A-E1C8-4DAA-B77E-637EBE4639D0}.Release|Any CPU.Build.0 = Release|Any CPU
		{A972023A-E1C8-4DAA-B77E-637EBE4639D0}.Release|x64.ActiveCfg = Release|Any CPU
		{A972023A-E1C8-4DAA-B77E-637EBE4639D0}.Release|x64.Build.0 = Release|Any CPU
		{A972023A-E1C8-4DAA-B77E-637EBE4639D0}.Release|x86.ActiveCfg = Release|Any CPU
		{A972023A-E1C8-4DAA-B77E-637EBE4639D0}.Release|x86.Build.0 = Release|Any CPU
		{B925DC15-8C0A-447E-BA0C-DB5C2F9F0CC9}.Debug|Any CPU.ActiveCfg = Debug|Any CPU
		{B925DC15-8C0A-447E-BA0C-DB5C2F9F0CC9}.Debug|Any CPU.Build.0 = Debug|Any CPU
		{B925DC15-8C0A-447E-BA0C-DB5C2F9F0CC9}.Debug|x64.ActiveCfg = Debug|Any CPU
		{B925DC15-8C0A-447E-BA0C-DB5C2F9F0CC9}.Debug|x64.Build.0 = Debug|Any CPU
		{B925DC15-8C0A-447E-BA0C-DB5C2F9F0CC9}.Debug|x86.ActiveCfg = Debug|Any CPU
		{B925DC15-8C0A-447E-BA0C-DB5C2F9F0CC9}.Debug|x86.Build.0 = Debug|Any CPU
		{B925DC15-8C0A-447E-BA0C-DB5C2F9F0CC9}.Release|Any CPU.ActiveCfg = Release|Any CPU
		{B925DC15-8C0A-447E-BA0C-DB5C2F9F0CC9}.Release|Any CPU.Build.0 = Release|Any CPU
		{B925DC15-8C0A-447E-BA0C-DB5C2F9F0CC9}.Release|x64.ActiveCfg = Release|Any CPU
		{B925DC15-8C0A-447E-BA0C-DB5C2F9F0CC9}.Release|x64.Build.0 = Release|Any CPU
		{B925DC15-8C0A-447E-BA0C-DB5C2F9F0CC9}.Release|x86.ActiveCfg = Release|Any CPU
		{B925DC15-8C0A-447E-BA0C-DB5C2F9F0CC9}.Release|x86.Build.0 = Release|Any CPU
		{F52FCCC8-010C-4EC6-8A1E-54B9E1F144BF}.Debug|Any CPU.ActiveCfg = Debug|Any CPU
		{F52FCCC8-010C-4EC6-8A1E-54B9E1F144BF}.Debug|Any CPU.Build.0 = Debug|Any CPU
		{F52FCCC8-010C-4EC6-8A1E-54B9E1F144BF}.Debug|x64.ActiveCfg = Debug|Any CPU
		{F52FCCC8-010C-4EC6-8A1E-54B9E1F144BF}.Debug|x64.Build.0 = Debug|Any CPU
		{F52FCCC8-010C-4EC6-8A1E-54B9E1F144BF}.Debug|x86.ActiveCfg = Debug|Any CPU
		{F52FCCC8-010C-4EC6-8A1E-54B9E1F144BF}.Debug|x86.Build.0 = Debug|Any CPU
		{F52FCCC8-010C-4EC6-8A1E-54B9E1F144BF}.Release|Any CPU.ActiveCfg = Release|Any CPU
		{F52FCCC8-010C-4EC6-8A1E-54B9E1F144BF}.Release|Any CPU.Build.0 = Release|Any CPU
		{F52FCCC8-010C-4EC6-8A1E-54B9E1F144BF}.Release|x64.ActiveCfg = Release|Any CPU
		{F52FCCC8-010C-4EC6-8A1E-54B9E1F144BF}.Release|x64.Build.0 = Release|Any CPU
		{F52FCCC8-010C-4EC6-8A1E-54B9E1F144BF}.Release|x86.ActiveCfg = Release|Any CPU
		{F52FCCC8-010C-4EC6-8A1E-54B9E1F144BF}.Release|x86.Build.0 = Release|Any CPU
		{DF139FAF-53C0-458C-956A-E49354C0303B}.Debug|Any CPU.ActiveCfg = Debug|Any CPU
		{DF139FAF-53C0-458C-956A-E49354C0303B}.Debug|Any CPU.Build.0 = Debug|Any CPU
		{DF139FAF-53C0-458C-956A-E49354C0303B}.Debug|x64.ActiveCfg = Debug|Any CPU
		{DF139FAF-53C0-458C-956A-E49354C0303B}.Debug|x64.Build.0 = Debug|Any CPU
		{DF139FAF-53C0-458C-956A-E49354C0303B}.Debug|x86.ActiveCfg = Debug|Any CPU
		{DF139FAF-53C0-458C-956A-E49354C0303B}.Debug|x86.Build.0 = Debug|Any CPU
		{DF139FAF-53C0-458C-956A-E49354C0303B}.Release|Any CPU.ActiveCfg = Release|Any CPU
		{DF139FAF-53C0-458C-956A-E49354C0303B}.Release|Any CPU.Build.0 = Release|Any CPU
		{DF139FAF-53C0-458C-956A-E49354C0303B}.Release|x64.ActiveCfg = Release|Any CPU
		{DF139FAF-53C0-458C-956A-E49354C0303B}.Release|x64.Build.0 = Release|Any CPU
		{DF139FAF-53C0-458C-956A-E49354C0303B}.Release|x86.ActiveCfg = Release|Any CPU
		{DF139FAF-53C0-458C-956A-E49354C0303B}.Release|x86.Build.0 = Release|Any CPU
		{7B627C3F-C3F2-4BAD-B927-71B1A4BE72A1}.Debug|Any CPU.ActiveCfg = Debug|Any CPU
		{7B627C3F-C3F2-4BAD-B927-71B1A4BE72A1}.Debug|Any CPU.Build.0 = Debug|Any CPU
		{7B627C3F-C3F2-4BAD-B927-71B1A4BE72A1}.Debug|x64.ActiveCfg = Debug|Any CPU
		{7B627C3F-C3F2-4BAD-B927-71B1A4BE72A1}.Debug|x64.Build.0 = Debug|Any CPU
		{7B627C3F-C3F2-4BAD-B927-71B1A4BE72A1}.Debug|x86.ActiveCfg = Debug|Any CPU
		{7B627C3F-C3F2-4BAD-B927-71B1A4BE72A1}.Debug|x86.Build.0 = Debug|Any CPU
		{7B627C3F-C3F2-4BAD-B927-71B1A4BE72A1}.Release|Any CPU.ActiveCfg = Release|Any CPU
		{7B627C3F-C3F2-4BAD-B927-71B1A4BE72A1}.Release|Any CPU.Build.0 = Release|Any CPU
		{7B627C3F-C3F2-4BAD-B927-71B1A4BE72A1}.Release|x64.ActiveCfg = Release|Any CPU
		{7B627C3F-C3F2-4BAD-B927-71B1A4BE72A1}.Release|x64.Build.0 = Release|Any CPU
		{7B627C3F-C3F2-4BAD-B927-71B1A4BE72A1}.Release|x86.ActiveCfg = Release|Any CPU
		{7B627C3F-C3F2-4BAD-B927-71B1A4BE72A1}.Release|x86.Build.0 = Release|Any CPU
	EndGlobalSection
	GlobalSection(SolutionProperties) = preSolution
		HideSolutionNode = FALSE
	EndGlobalSection
	GlobalSection(NestedProjects) = preSolution
		{017EA023-818D-4383-B245-E5102E1378BB} = {827E0CD3-B72D-47B6-A68D-7590B98EB39B}
		{A972023A-E1C8-4DAA-B77E-637EBE4639D0} = {827E0CD3-B72D-47B6-A68D-7590B98EB39B}
		{B925DC15-8C0A-447E-BA0C-DB5C2F9F0CC9} = {827E0CD3-B72D-47B6-A68D-7590B98EB39B}
		{F52FCCC8-010C-4EC6-8A1E-54B9E1F144BF} = {827E0CD3-B72D-47B6-A68D-7590B98EB39B}
		{DF139FAF-53C0-458C-956A-E49354C0303B} = {827E0CD3-B72D-47B6-A68D-7590B98EB39B}
		{7B627C3F-C3F2-4BAD-B927-71B1A4BE72A1} = {827E0CD3-B72D-47B6-A68D-7590B98EB39B}
	EndGlobalSection
EndGlobal
